
Microsoft Visual Studio Solution File, Format Version 12.00
# Visual Studio Version 17
VisualStudioVersion = 17.2.32616.157
MinimumVisualStudioVersion = 10.0.40219.1
Project("{8BC9CEB8-8B4A-11D0-8D11-00A0C91BC942}") = "laba_2sem_5", "laba_2sem_5.vcxproj", "{802AD1B1-A4DB-4149-8026-24A1EC5D0A32}"
EndProject
Global
	GlobalSection(SolutionConfigurationPlatforms) = preSolution
		Debug|x64 = Debug|x64
		Debug|x86 = Debug|x86
		Release|x64 = Release|x64
		Release|x86 = Release|x86
	EndGlobalSection
	GlobalSection(ProjectConfigurationPlatforms) = postSolution
		{802AD1B1-A4DB-4149-8026-24A1EC5D0A32}.Debug|x64.ActiveCfg = Debug|x64
		{802AD1B1-A4DB-4149-8026-24A1EC5D0A32}.Debug|x64.Build.0 = Debug|x64
		{802AD1B1-A4DB-4149-8026-24A1EC5D0A32}.Debug|x86.ActiveCfg = Debug|Win32
		{802AD1B1-A4DB-4149-8026-24A1EC5D0A32}.Debug|x86.Build.0 = Debug|Win32
		{802AD1B1-A4DB-4149-8026-24A1EC5D0A32}.Release|x64.ActiveCfg = Release|x64
		{802AD1B1-A4DB-4149-8026-24A1EC5D0A32}.Release|x64.Build.0 = Release|x64
		{802AD1B1-A4DB-4149-8026-24A1EC5D0A32}.Release|x86.ActiveCfg = Release|Win32
		{802AD1B1-A4DB-4149-8026-24A1EC5D0A32}.Release|x86.Build.0 = Release|Win32
	EndGlobalSection
	GlobalSection(SolutionProperties) = preSolution
		HideSolutionNode = FALSE
	EndGlobalSection
	GlobalSection(ExtensibilityGlobals) = postSolution
		SolutionGuid = {12EC42E7-FD44-4948-9276-E43850B73BED}
	EndGlobalSection
EndGlobal
