
Microsoft Visual Studio Solution File, Format Version 12.00
# Visual Studio Version 17
VisualStudioVersion = 17.2.32616.157
MinimumVisualStudioVersion = 10.0.40219.1
Project("{8BC9CEB8-8B4A-11D0-8D11-00A0C91BC942}") = "laba7", "laba7.vcxproj", "{2FD44364-987F-4CF9-A3E7-88E8606A098F}"
EndProject
Global
	GlobalSection(SolutionConfigurationPlatforms) = preSolution
		Debug|x64 = Debug|x64
		Debug|x86 = Debug|x86
		Release|x64 = Release|x64
		Release|x86 = Release|x86
	EndGlobalSection
	GlobalSection(ProjectConfigurationPlatforms) = postSolution
		{2FD44364-987F-4CF9-A3E7-88E8606A098F}.Debug|x64.ActiveCfg = Debug|x64
		{2FD44364-987F-4CF9-A3E7-88E8606A098F}.Debug|x64.Build.0 = Debug|x64
		{2FD44364-987F-4CF9-A3E7-88E8606A098F}.Debug|x86.ActiveCfg = Debug|Win32
		{2FD44364-987F-4CF9-A3E7-88E8606A098F}.Debug|x86.Build.0 = Debug|Win32
		{2FD44364-987F-4CF9-A3E7-88E8606A098F}.Release|x64.ActiveCfg = Release|x64
		{2FD44364-987F-4CF9-A3E7-88E8606A098F}.Release|x64.Build.0 = Release|x64
		{2FD44364-987F-4CF9-A3E7-88E8606A098F}.Release|x86.ActiveCfg = Release|Win32
		{2FD44364-987F-4CF9-A3E7-88E8606A098F}.Release|x86.Build.0 = Release|Win32
	EndGlobalSection
	GlobalSection(SolutionProperties) = preSolution
		HideSolutionNode = FALSE
	EndGlobalSection
	GlobalSection(ExtensibilityGlobals) = postSolution
		SolutionGuid = {57B12DA6-AA3F-4E05-B0AF-4466B6ADC696}
	EndGlobalSection
EndGlobal
